
Microsoft Visual Studio Solution File, Format Version 12.00
# Visual Studio 15
VisualStudioVersion = 15.0.26124.0
MinimumVisualStudioVersion = 15.0.26124.0
Project("{2150E333-8FDC-42A3-9474-1A3956D46DE8}") = "git", "git", "{1E34AA52-F06F-4631-B13D-9FB1CC12A361}"
ProjectSection(SolutionItems) = preProject
	.gitignore = .gitignore
EndProjectSection
EndProject
Project("{FAE04EC0-301F-11D3-BF4B-00C04F79EFBC}") = "Resulti.Core", "Resulti.Core\Resulti.Core.csproj", "{F4E2B9EF-CCD2-4CC3-8177-C6036C837D71}"
EndProject
Global
	GlobalSection(SolutionConfigurationPlatforms) = preSolution
		Debug|Any CPU = Debug|Any CPU
		Debug|x64 = Debug|x64
		Debug|x86 = Debug|x86
		Release|Any CPU = Release|Any CPU
		Release|x64 = Release|x64
		Release|x86 = Release|x86
	EndGlobalSection
	GlobalSection(SolutionProperties) = preSolution
		HideSolutionNode = FALSE
	EndGlobalSection
	GlobalSection(ProjectConfigurationPlatforms) = postSolution
		{F4E2B9EF-CCD2-4CC3-8177-C6036C837D71}.Debug|Any CPU.ActiveCfg = Debug|Any CPU
		{F4E2B9EF-CCD2-4CC3-8177-C6036C837D71}.Debug|Any CPU.Build.0 = Debug|Any CPU
		{F4E2B9EF-CCD2-4CC3-8177-C6036C837D71}.Debug|x64.ActiveCfg = Debug|Any CPU
		{F4E2B9EF-CCD2-4CC3-8177-C6036C837D71}.Debug|x64.Build.0 = Debug|Any CPU
		{F4E2B9EF-CCD2-4CC3-8177-C6036C837D71}.Debug|x86.ActiveCfg = Debug|Any CPU
		{F4E2B9EF-CCD2-4CC3-8177-C6036C837D71}.Debug|x86.Build.0 = Debug|Any CPU
		{F4E2B9EF-CCD2-4CC3-8177-C6036C837D71}.Release|Any CPU.ActiveCfg = Release|Any CPU
		{F4E2B9EF-CCD2-4CC3-8177-C6036C837D71}.Release|Any CPU.Build.0 = Release|Any CPU
		{F4E2B9EF-CCD2-4CC3-8177-C6036C837D71}.Release|x64.ActiveCfg = Release|Any CPU
		{F4E2B9EF-CCD2-4CC3-8177-C6036C837D71}.Release|x64.Build.0 = Release|Any CPU
		{F4E2B9EF-CCD2-4CC3-8177-C6036C837D71}.Release|x86.ActiveCfg = Release|Any CPU
		{F4E2B9EF-CCD2-4CC3-8177-C6036C837D71}.Release|x86.Build.0 = Release|Any CPU
	EndGlobalSection
EndGlobal
